
Microsoft Visual Studio Solution File, Format Version 12.00
# Visual Studio Version 17
VisualStudioVersion = 17.11.35327.3
MinimumVisualStudioVersion = 10.0.40219.1
Project("{FAE04EC0-301F-11D3-BF4B-00C04F79EFBC}") = "PRG2_Assg_T11_John_and_Jun_Wei", "PRG2_Assg_T11_John_and_Jun_Wei\PRG2_Assg_T11_John_and_Jun_Wei.csproj", "{A87F2204-5D98-49F8-98FC-05BD8A9F3CE8}"
EndProject
Global
	GlobalSection(SolutionConfigurationPlatforms) = preSolution
		Debug|Any CPU = Debug|Any CPU
		Release|Any CPU = Release|Any CPU
	EndGlobalSection
	GlobalSection(ProjectConfigurationPlatforms) = postSolution
		{A87F2204-5D98-49F8-98FC-05BD8A9F3CE8}.Debug|Any CPU.ActiveCfg = Debug|Any CPU
		{A87F2204-5D98-49F8-98FC-05BD8A9F3CE8}.Debug|Any CPU.Build.0 = Debug|Any CPU
		{A87F2204-5D98-49F8-98FC-05BD8A9F3CE8}.Release|Any CPU.ActiveCfg = Release|Any CPU
		{A87F2204-5D98-49F8-98FC-05BD8A9F3CE8}.Release|Any CPU.Build.0 = Release|Any CPU
	EndGlobalSection
	GlobalSection(SolutionProperties) = preSolution
		HideSolutionNode = FALSE
	EndGlobalSection
	GlobalSection(ExtensibilityGlobals) = postSolution
		SolutionGuid = {ABB5DE56-DE58-48F5-B4FC-4FB7F30AD8FC}
	EndGlobalSection
EndGlobal
